{
  "name": "canvas-multiline-text",
  "version": "1.0.1",
  "lockfileVersion": 1,
  "requires": true,
  "dependencies": {
    "words-array": {
      "version": "1.0.1",
      "resolved": "https://registry.npmjs.org/words-array/-/words-array-1.0.1.tgz",
      "integrity": "sha512-hIe554G5rHAIa2HeIPcvl4zzIeS9DCSLjFM6HbqzTEGmyCZVqMffXpxEGZwweT+ZxbkTdNg78YwwzhQsA7jjPw=="
    }
  }
}
